// !$*UTF8*$!
{
	archiveVersion = 1;
	classes = {
	};
	objectVersion = 46;
	objects = {

/* Begin PBXBuildFile section */
		98277AF91D0EF816006DB78F /* main.m in Sources */ = {isa = PBXBuildFile; fileRef = 98277AF81D0EF816006DB78F /* main.m */; };
		98277AFC1D0EF816006DB78F /* AppDelegate.m in Sources */ = {isa = PBXBuildFile; fileRef = 98277AFB1D0EF816006DB78F /* AppDelegate.m */; };
		98277AFF1D0EF816006DB78F /* FirstViewController.m in Sources */ = {isa = PBXBuildFile; fileRef = 98277AFE1D0EF816006DB78F /* FirstViewController.m */; };
		98277B021D0EF816006DB78F /* SecondViewController.m in Sources */ = {isa = PBXBuildFile; fileRef = 98277B011D0EF816006DB78F /* SecondViewController.m */; };
		98277B051D0EF816006DB78F /* Main.storyboard in Resources */ = {isa = PBXBuildFile; fileRef = 98277B031D0EF816006DB78F /* Main.storyboard */; };
		98277B071D0EF816006DB78F /* Assets.xcassets in Resources */ = {isa = PBXBuildFile; fileRef = 98277B061D0EF816006DB78F /* Assets.xcassets */; };
		98277B0A1D0EF816006DB78F /* LaunchScreen.storyboard in Resources */ = {isa = PBXBuildFile; fileRef = 98277B081D0EF816006DB78F /* LaunchScreen.storyboard */; };
		98277B151D0EF816006DB78F /* What_s_left_Tests.m in Sources */ = {isa = PBXBuildFile; fileRef = 98277B141D0EF816006DB78F /* What_s_left_Tests.m */; };
		98277B201D0EF816006DB78F /* What_s_left_UITests.m in Sources */ = {isa = PBXBuildFile; fileRef = 98277B1F1D0EF816006DB78F /* What_s_left_UITests.m */; };
/* End PBXBuildFile section */

/* Begin PBXContainerItemProxy section */
		98277B111D0EF816006DB78F /* PBXContainerItemProxy */ = {
			isa = PBXContainerItemProxy;
			containerPortal = 98277AEC1D0EF816006DB78F /* Project object */;
			proxyType = 1;
			remoteGlobalIDString = 98277AF31D0EF816006DB78F;
			remoteInfo = "What's left?";
		};
		98277B1C1D0EF816006DB78F /* PBXContainerItemProxy */ = {
			isa = PBXContainerItemProxy;
			containerPortal = 98277AEC1D0EF816006DB78F /* Project object */;
			proxyType = 1;
			remoteGlobalIDString = 98277AF31D0EF816006DB78F;
			remoteInfo = "What's left?";
		};
/* End PBXContainerItemProxy section */

/* Begin PBXFileReference section */
		98277AF41D0EF816006DB78F /* What's left?.app */ = {isa = PBXFileReference; explicitFileType = wrapper.application; includeInIndex = 0; path = "What's left?.app"; sourceTree = BUILT_PRODUCTS_DIR; };
		98277AF81D0EF816006DB78F /* main.m */ = {isa = PBXFileReference; lastKnownFileType = sourcecode.c.objc; path = main.m; sourceTree = "<group>"; };
		98277AFA1D0EF816006DB78F /* AppDelegate.h */ = {isa = PBXFileReference; lastKnownFileType = sourcecode.c.h; path = AppDelegate.h; sourceTree = "<group>"; };
		98277AFB1D0EF816006DB78F /* AppDelegate.m */ = {isa = PBXFileReference; lastKnownFileType = sourcecode.c.objc; path = AppDelegate.m; sourceTree = "<group>"; };
		98277AFD1D0EF816006DB78F /* FirstViewController.h */ = {isa = PBXFileReference; lastKnownFileType = sourcecode.c.h; path = FirstViewController.h; sourceTree = "<group>"; };
		98277AFE1D0EF816006DB78F /* FirstViewController.m */ = {isa = PBXFileReference; lastKnownFileType = sourcecode.c.objc; path = FirstViewController.m; sourceTree = "<group>"; };
		98277B001D0EF816006DB78F /* SecondViewController.h */ = {isa = PBXFileReference; lastKnownFileType = sourcecode.c.h; path = SecondViewController.h; sourceTree = "<group>"; };
		98277B011D0EF816006DB78F /* SecondViewController.m */ = {isa = PBXFileReference; lastKnownFileType = sourcecode.c.objc; path = SecondViewController.m; sourceTree = "<group>"; };
		98277B041D0EF816006DB78F /* Base */ = {isa = PBXFileReference; lastKnownFileType = file.storyboard; name = Base; path = Base.lproj/Main.storyboard; sourceTree = "<group>"; };
		98277B061D0EF816006DB78F /* Assets.xcassets */ = {isa = PBXFileReference; lastKnownFileType = folder.assetcatalog; path = Assets.xcassets; sourceTree = "<group>"; };
		98277B091D0EF816006DB78F /* Base */ = {isa = PBXFileReference; lastKnownFileType = file.storyboard; name = Base; path = Base.lproj/LaunchScreen.storyboard; sourceTree = "<group>"; };
		98277B0B1D0EF816006DB78F /* Info.plist */ = {isa = PBXFileReference; lastKnownFileType = text.plist.xml; path = Info.plist; sourceTree = "<group>"; };
		98277B101D0EF816006DB78F /* What's left?Tests.xctest */ = {isa = PBXFileReference; explicitFileType = wrapper.cfbundle; includeInIndex = 0; path = "What's left?Tests.xctest"; sourceTree = BUILT_PRODUCTS_DIR; };
		98277B141D0EF816006DB78F /* What_s_left_Tests.m */ = {isa = PBXFileReference; lastKnownFileType = sourcecode.c.objc; path = What_s_left_Tests.m; sourceTree = "<group>"; };
		98277B161D0EF816006DB78F /* Info.plist */ = {isa = PBXFileReference; lastKnownFileType = text.plist.xml; path = Info.plist; sourceTree = "<group>"; };
		98277B1B1D0EF816006DB78F /* What's left?UITests.xctest */ = {isa = PBXFileReference; explicitFileType = wrapper.cfbundle; includeInIndex = 0; path = "What's left?UITests.xctest"; sourceTree = BUILT_PRODUCTS_DIR; };
		98277B1F1D0EF816006DB78F /* What_s_left_UITests.m */ = {isa = PBXFileReference; lastKnownFileType = sourcecode.c.objc; path = What_s_left_UITests.m; sourceTree = "<group>"; };
		98277B211D0EF816006DB78F /* Info.plist */ = {isa = PBXFileReference; lastKnownFileType = text.plist.xml; path = Info.plist; sourceTree = "<group>"; };
/* End PBXFileReference section */

/* Begin PBXFrameworksBuildPhase section */
		98277AF11D0EF816006DB78F /* Frameworks */ = {
			isa = PBXFrameworksBuildPhase;
			buildActionMask = 2147483647;
			files = (
			);
			runOnlyForDeploymentPostprocessing = 0;
		};
		98277B0D1D0EF816006DB78F /* Frameworks */ = {
			isa = PBXFrameworksBuildPhase;
			buildActionMask = 2147483647;
			files = (
			);
			runOnlyForDeploymentPostprocessing = 0;
		};
		98277B181D0EF816006DB78F /* Frameworks */ = {
			isa = PBXFrameworksBuildPhase;
			buildActionMask = 2147483647;
			files = (
			);
			runOnlyForDeploymentPostprocessing = 0;
		};
/* End PBXFrameworksBuildPhase section */

/* Begin PBXGroup section */
		98277AEB1D0EF816006DB78F = {
			isa = PBXGroup;
			children = (
				98277AF61D0EF816006DB78F /* What's left? */,
				98277B131D0EF816006DB78F /* What's left?Tests */,
				98277B1E1D0EF816006DB78F /* What's left?UITests */,
				98277AF51D0EF816006DB78F /* Products */,
			);
			sourceTree = "<group>";
		};
		98277AF51D0EF816006DB78F /* Products */ = {
			isa = PBXGroup;
			children = (
				98277AF41D0EF816006DB78F /* What's left?.app */,
				98277B101D0EF816006DB78F /* What's left?Tests.xctest */,
				98277B1B1D0EF816006DB78F /* What's left?UITests.xctest */,
			);
			name = Products;
			sourceTree = "<group>";
		};
		98277AF61D0EF816006DB78F /* What's left? */ = {
			isa = PBXGroup;
			children = (
				98277AFA1D0EF816006DB78F /* AppDelegate.h */,
				98277AFB1D0EF816006DB78F /* AppDelegate.m */,
				98277AFD1D0EF816006DB78F /* FirstViewController.h */,
				98277AFE1D0EF816006DB78F /* FirstViewController.m */,
				98277B001D0EF816006DB78F /* SecondViewController.h */,
				98277B011D0EF816006DB78F /* SecondViewController.m */,
				98277B031D0EF816006DB78F /* Main.storyboard */,
				98277B061D0EF816006DB78F /* Assets.xcassets */,
				98277B081D0EF816006DB78F /* LaunchScreen.storyboard */,
				98277B0B1D0EF816006DB78F /* Info.plist */,
				98277AF71D0EF816006DB78F /* Supporting Files */,
			);
			path = "What's left?";
			sourceTree = "<group>";
		};
		98277AF71D0EF816006DB78F /* Supporting Files */ = {
			isa = PBXGroup;
			children = (
				98277AF81D0EF816006DB78F /* main.m */,
			);
			name = "Supporting Files";
			sourceTree = "<group>";
		};
		98277B131D0EF816006DB78F /* What's left?Tests */ = {
			isa = PBXGroup;
			children = (
				98277B141D0EF816006DB78F /* What_s_left_Tests.m */,
				98277B161D0EF816006DB78F /* Info.plist */,
			);
			path = "What's left?Tests";
			sourceTree = "<group>";
		};
		98277B1E1D0EF816006DB78F /* What's left?UITests */ = {
			isa = PBXGroup;
			children = (
				98277B1F1D0EF816006DB78F /* What_s_left_UITests.m */,
				98277B211D0EF816006DB78F /* Info.plist */,
			);
			path = "What's left?UITests";
			sourceTree = "<group>";
		};
/* End PBXGroup section */

/* Begin PBXNativeTarget section */
		98277AF31D0EF816006DB78F /* What's left? */ = {
			isa = PBXNativeTarget;
			buildConfigurationList = 98277B241D0EF816006DB78F /* Build configuration list for PBXNativeTarget "What's left?" */;
			buildPhases = (
				98277AF01D0EF816006DB78F /* Sources */,
				98277AF11D0EF816006DB78F /* Frameworks */,
				98277AF21D0EF816006DB78F /* Resources */,
			);
			buildRules = (
			);
			dependencies = (
			);
			name = "What's left?";
			productName = "What's left?";
			productReference = 98277AF41D0EF816006DB78F /* What's left?.app */;
			productType = "com.apple.product-type.application";
		};
		98277B0F1D0EF816006DB78F /* What's left?Tests */ = {
			isa = PBXNativeTarget;
			buildConfigurationList = 98277B271D0EF816006DB78F /* Build configuration list for PBXNativeTarget "What's left?Tests" */;
			buildPhases = (
				98277B0C1D0EF816006DB78F /* Sources */,
				98277B0D1D0EF816006DB78F /* Frameworks */,
				98277B0E1D0EF816006DB78F /* Resources */,
			);
			buildRules = (
			);
			dependencies = (
				98277B121D0EF816006DB78F /* PBXTargetDependency */,
			);
			name = "What's left?Tests";
			productName = "What's left?Tests";
			productReference = 98277B101D0EF816006DB78F /* What's left?Tests.xctest */;
			productType = "com.apple.product-type.bundle.unit-test";
		};
		98277B1A1D0EF816006DB78F /* What's left?UITests */ = {
			isa = PBXNativeTarget;
			buildConfigurationList = 98277B2A1D0EF816006DB78F /* Build configuration list for PBXNativeTarget "What's left?UITests" */;
			buildPhases = (
				98277B171D0EF816006DB78F /* Sources */,
				98277B181D0EF816006DB78F /* Frameworks */,
				98277B191D0EF816006DB78F /* Resources */,
			);
			buildRules = (
			);
			dependencies = (
				98277B1D1D0EF816006DB78F /* PBXTargetDependency */,
			);
			name = "What's left?UITests";
			productName = "What's left?UITests";
			productReference = 98277B1B1D0EF816006DB78F /* What's left?UITests.xctest */;
			productType = "com.apple.product-type.bundle.ui-testing";
		};
/* End PBXNativeTarget section */

/* Begin PBXProject section */
		98277AEC1D0EF816006DB78F /* Project object */ = {
			isa = PBXProject;
			attributes = {
				LastUpgradeCheck = 0720;
				ORGANIZATIONNAME = Kohbroco;
				TargetAttributes = {
					98277AF31D0EF816006DB78F = {
						CreatedOnToolsVersion = 7.2;
					};
					98277B0F1D0EF816006DB78F = {
						CreatedOnToolsVersion = 7.2;
						TestTargetID = 98277AF31D0EF816006DB78F;
					};
					98277B1A1D0EF816006DB78F = {
						CreatedOnToolsVersion = 7.2;
						TestTargetID = 98277AF31D0EF816006DB78F;
					};
				};
			};
			buildConfigurationList = 98277AEF1D0EF816006DB78F /* Build configuration list for PBXProject "What's left?" */;
			compatibilityVersion = "Xcode 3.2";
			developmentRegion = English;
			hasScannedForEncodings = 0;
			knownRegions = (
				en,
				Base,
			);
			mainGroup = 98277AEB1D0EF816006DB78F;
			productRefGroup = 98277AF51D0EF816006DB78F /* Products */;
			projectDirPath = "";
			projectRoot = "";
			targets = (
				98277AF31D0EF816006DB78F /* What's left? */,
				98277B0F1D0EF816006DB78F /* What's left?Tests */,
				98277B1A1D0EF816006DB78F /* What's left?UITests */,
			);
		};
/* End PBXProject section */

/* Begin PBXResourcesBuildPhase section */
		98277AF21D0EF816006DB78F /* Resources */ = {
			isa = PBXResourcesBuildPhase;
			buildActionMask = 2147483647;
			files = (
				98277B0A1D0EF816006DB78F /* LaunchScreen.storyboard in Resources */,
				98277B071D0EF816006DB78F /* Assets.xcassets in Resources */,
				98277B051D0EF816006DB78F /* Main.storyboard in Resources */,
			);
			runOnlyForDeploymentPostprocessing = 0;
		};
		98277B0E1D0EF816006DB78F /* Resources */ = {
			isa = PBXResourcesBuildPhase;
			buildActionMask = 2147483647;
			files = (
			);
			runOnlyForDeploymentPostprocessing = 0;
		};
		98277B191D0EF816006DB78F /* Resources */ = {
			isa = PBXResourcesBuildPhase;
			buildActionMask = 2147483647;
			files = (
			);
			runOnlyForDeploymentPostprocessing = 0;
		};
/* End PBXResourcesBuildPhase section */

/* Begin PBXSourcesBuildPhase section */
		98277AF01D0EF816006DB78F /* Sources */ = {
			isa = PBXSourcesBuildPhase;
			buildActionMask = 2147483647;
			files = (
				98277B021D0EF816006DB78F /* SecondViewController.m in Sources */,
				98277AFC1D0EF816006DB78F /* AppDelegate.m in Sources */,
				98277AFF1D0EF816006DB78F /* FirstViewController.m in Sources */,
				98277AF91D0EF816006DB78F /* main.m in Sources */,
			);
			runOnlyForDeploymentPostprocessing = 0;
		};
		98277B0C1D0EF816006DB78F /* Sources */ = {
			isa = PBXSourcesBuildPhase;
			buildActionMask = 2147483647;
			files = (
				98277B151D0EF816006DB78F /* What_s_left_Tests.m in Sources */,
			);
			runOnlyForDeploymentPostprocessing = 0;
		};
		98277B171D0EF816006DB78F /* Sources */ = {
			isa = PBXSourcesBuildPhase;
			buildActionMask = 2147483647;
			files = (
				98277B201D0EF816006DB78F /* What_s_left_UITests.m in Sources */,
			);
			runOnlyForDeploymentPostprocessing = 0;
		};
/* End PBXSourcesBuildPhase section */

/* Begin PBXTargetDependency section */
		98277B121D0EF816006DB78F /* PBXTargetDependency */ = {
			isa = PBXTargetDependency;
			target = 98277AF31D0EF816006DB78F /* What's left? */;
			targetProxy = 98277B111D0EF816006DB78F /* PBXContainerItemProxy */;
		};
		98277B1D1D0EF816006DB78F /* PBXTargetDependency */ = {
			isa = PBXTargetDependency;
			target = 98277AF31D0EF816006DB78F /* What's left? */;
			targetProxy = 98277B1C1D0EF816006DB78F /* PBXContainerItemProxy */;
		};
/* End PBXTargetDependency section */

/* Begin PBXVariantGroup section */
		98277B031D0EF816006DB78F /* Main.storyboard */ = {
			isa = PBXVariantGroup;
			children = (
				98277B041D0EF816006DB78F /* Base */,
			);
			name = Main.storyboard;
			sourceTree = "<group>";
		};
		98277B081D0EF816006DB78F /* LaunchScreen.storyboard */ = {
			isa = PBXVariantGroup;
			children = (
				98277B091D0EF816006DB78F /* Base */,
			);
			name = LaunchScreen.storyboard;
			sourceTree = "<group>";
		};
/* End PBXVariantGroup section */

/* Begin XCBuildConfiguration section */
		98277B221D0EF816006DB78F /* Debug */ = {
			isa = XCBuildConfiguration;
			buildSettings = {
				ALWAYS_SEARCH_USER_PATHS = NO;
				CLANG_CXX_LANGUAGE_STANDARD = "gnu++0x";
				CLANG_CXX_LIBRARY = "libc++";
				CLANG_ENABLE_MODULES = YES;
				CLANG_ENABLE_OBJC_ARC = YES;
				CLANG_WARN_BOOL_CONVERSION = YES;
				CLANG_WARN_CONSTANT_CONVERSION = YES;
				CLANG_WARN_DIRECT_OBJC_ISA_USAGE = YES_ERROR;
				CLANG_WARN_EMPTY_BODY = YES;
				CLANG_WARN_ENUM_CONVERSION = YES;
				CLANG_WARN_INT_CONVERSION = YES;
				CLANG_WARN_OBJC_ROOT_CLASS = YES_ERROR;
				CLANG_WARN_UNREACHABLE_CODE = YES;
				CLANG_WARN__DUPLICATE_METHOD_MATCH = YES;
				"CODE_SIGN_IDENTITY[sdk=iphoneos*]" = "iPhone Developer";
				COPY_PHASE_STRIP = NO;
				DEBUG_INFORMATION_FORMAT = dwarf;
				ENABLE_STRICT_OBJC_MSGSEND = YES;
				ENABLE_TESTABILITY = YES;
				GCC_C_LANGUAGE_STANDARD = gnu99;
				GCC_DYNAMIC_NO_PIC = NO;
				GCC_NO_COMMON_BLOCKS = YES;
				GCC_OPTIMIZATION_LEVEL = 0;
				GCC_PREPROCESSOR_DEFINITIONS = (
					"DEBUG=1",
					"$(inherited)",
				);
				GCC_WARN_64_TO_32_BIT_CONVERSION = YES;
				GCC_WARN_ABOUT_RETURN_TYPE = YES_ERROR;
				GCC_WARN_UNDECLARED_SELECTOR = YES;
				GCC_WARN_UNINITIALIZED_AUTOS = YES_AGGRESSIVE;
				GCC_WARN_UNUSED_FUNCTION = YES;
				GCC_WARN_UNUSED_VARIABLE = YES;
				IPHONEOS_DEPLOYMENT_TARGET = 9.2;
				MTL_ENABLE_DEBUG_INFO = YES;
				ONLY_ACTIVE_ARCH = YES;
				SDKROOT = iphoneos;
				TARGETED_DEVICE_FAMILY = "1,2";
			};
			name = Debug;
		};
		98277B231D0EF816006DB78F /* Release */ = {
			isa = XCBuildConfiguration;
			buildSettings = {
				ALWAYS_SEARCH_USER_PATHS = NO;
				CLANG_CXX_LANGUAGE_STANDARD = "gnu++0x";
				CLANG_CXX_LIBRARY = "libc++";
				CLANG_ENABLE_MODULES = YES;
				CLANG_ENABLE_OBJC_ARC = YES;
				CLANG_WARN_BOOL_CONVERSION = YES;
				CLANG_WARN_CONSTANT_CONVERSION = YES;
				CLANG_WARN_DIRECT_OBJC_ISA_USAGE = YES_ERROR;
				CLANG_WARN_EMPTY_BODY = YES;
				CLANG_WARN_ENUM_CONVERSION = YES;
				CLANG_WARN_INT_CONVERSION = YES;
				CLANG_WARN_OBJC_ROOT_CLASS = YES_ERROR;
				CLANG_WARN_UNREACHABLE_CODE = YES;
				CLANG_WARN__DUPLICATE_METHOD_MATCH = YES;
				"CODE_SIGN_IDENTITY[sdk=iphoneos*]" = "iPhone Developer";
				COPY_PHASE_STRIP = NO;
				DEBUG_INFORMATION_FORMAT = "dwarf-with-dsym";
				ENABLE_NS_ASSERTIONS = NO;
				ENABLE_STRICT_OBJC_MSGSEND = YES;
				GCC_C_LANGUAGE_STANDARD = gnu99;
				GCC_NO_COMMON_BLOCKS = YES;
				GCC_WARN_64_TO_32_BIT_CONVERSION = YES;
				GCC_WARN_ABOUT_RETURN_TYPE = YES_ERROR;
				GCC_WARN_UNDECLARED_SELECTOR = YES;
				GCC_WARN_UNINITIALIZED_AUTOS = YES_AGGRESSIVE;
				GCC_WARN_UNUSED_FUNCTION = YES;
				GCC_WARN_UNUSED_VARIABLE = YES;
				IPHONEOS_DEPLOYMENT_TARGET = 9.2;
				MTL_ENABLE_DEBUG_INFO = NO;
				SDKROOT = iphoneos;
				TARGETED_DEVICE_FAMILY = "1,2";
				VALIDATE_PRODUCT = YES;
			};
			name = Release;
		};
		98277B251D0EF816006DB78F /* Debug */ = {
			isa = XCBuildConfiguration;
			buildSettings = {
				ASSETCATALOG_COMPILER_APPICON_NAME = AppIcon;
				INFOPLIST_FILE = "What's left?/Info.plist";
				LD_RUNPATH_SEARCH_PATHS = "$(inherited) @executable_path/Frameworks";
				PRODUCT_BUNDLE_IDENTIFIER = "Kohbroco.What-s-left-";
				PRODUCT_NAME = "$(TARGET_NAME)";
			};
			name = Debug;
		};
		98277B261D0EF816006DB78F /* Release */ = {
			isa = XCBuildConfiguration;
			buildSettings = {
				ASSETCATALOG_COMPILER_APPICON_NAME = AppIcon;
				INFOPLIST_FILE = "What's left?/Info.plist";
				LD_RUNPATH_SEARCH_PATHS = "$(inherited) @executable_path/Frameworks";
				PRODUCT_BUNDLE_IDENTIFIER = "Kohbroco.What-s-left-";
				PRODUCT_NAME = "$(TARGET_NAME)";
			};
			name = Release;
		};
		98277B281D0EF816006DB78F /* Debug */ = {
			isa = XCBuildConfiguration;
			buildSettings = {
				BUNDLE_LOADER = "$(TEST_HOST)";
				INFOPLIST_FILE = "What's left?Tests/Info.plist";
				LD_RUNPATH_SEARCH_PATHS = "$(inherited) @executable_path/Frameworks @loader_path/Frameworks";
				PRODUCT_BUNDLE_IDENTIFIER = "Kohbroco.What-s-left-Tests";
				PRODUCT_NAME = "$(TARGET_NAME)";
				TEST_HOST = "$(BUILT_PRODUCTS_DIR)/What's left?.app/What's left?";
			};
			name = Debug;
		};
		98277B291D0EF816006DB78F /* Release */ = {
			isa = XCBuildConfiguration;
			buildSettings = {
				BUNDLE_LOADER = "$(TEST_HOST)";
				INFOPLIST_FILE = "What's left?Tests/Info.plist";
				LD_RUNPATH_SEARCH_PATHS = "$(inherited) @executable_path/Frameworks @loader_path/Frameworks";
				PRODUCT_BUNDLE_IDENTIFIER = "Kohbroco.What-s-left-Tests";
				PRODUCT_NAME = "$(TARGET_NAME)";
				TEST_HOST = "$(BUILT_PRODUCTS_DIR)/What's left?.app/What's left?";
			};
			name = Release;
		};
		98277B2B1D0EF816006DB78F /* Debug */ = {
			isa = XCBuildConfiguration;
			buildSettings = {
				INFOPLIST_FILE = "What's left?UITests/Info.plist";
				LD_RUNPATH_SEARCH_PATHS = "$(inherited) @executable_path/Frameworks @loader_path/Frameworks";
				PRODUCT_BUNDLE_IDENTIFIER = "Kohbroco.What-s-left-UITests";
				PRODUCT_NAME = "$(TARGET_NAME)";
				TEST_TARGET_NAME = "What's left?";
				USES_XCTRUNNER = YES;
			};
			name = Debug;
		};
		98277B2C1D0EF816006DB78F /* Release */ = {
			isa = XCBuildConfiguration;
			buildSettings = {
				INFOPLIST_FILE = "What's left?UITests/Info.plist";
				LD_RUNPATH_SEARCH_PATHS = "$(inherited) @executable_path/Frameworks @loader_path/Frameworks";
				PRODUCT_BUNDLE_IDENTIFIER = "Kohbroco.What-s-left-UITests";
				PRODUCT_NAME = "$(TARGET_NAME)";
				TEST_TARGET_NAME = "What's left?";
				USES_XCTRUNNER = YES;
			};
			name = Release;
		};
/* End XCBuildConfiguration section */

/* Begin XCConfigurationList section */
		98277AEF1D0EF816006DB78F /* Build configuration list for PBXProject "What's left?" */ = {
			isa = XCConfigurationList;
			buildConfigurations = (
				98277B221D0EF816006DB78F /* Debug */,
				98277B231D0EF816006DB78F /* Release */,
			);
			defaultConfigurationIsVisible = 0;
			defaultConfigurationName = Release;
		};
		98277B241D0EF816006DB78F /* Build configuration list for PBXNativeTarget "What's left?" */ = {
			isa = XCConfigurationList;
			buildConfigurations = (
				98277B251D0EF816006DB78F /* Debug */,
				98277B261D0EF816006DB78F /* Release */,
			);
			defaultConfigurationIsVisible = 0;
		};
		98277B271D0EF816006DB78F /* Build configuration list for PBXNativeTarget "What's left?Tests" */ = {
			isa = XCConfigurationList;
			buildConfigurations = (
				98277B281D0EF816006DB78F /* Debug */,
				98277B291D0EF816006DB78F /* Release */,
			);
			defaultConfigurationIsVisible = 0;
		};
		98277B2A1D0EF816006DB78F /* Build configuration list for PBXNativeTarget "What's left?UITests" */ = {
			isa = XCConfigurationList;
			buildConfigurations = (
				98277B2B1D0EF816006DB78F /* Debug */,
				98277B2C1D0EF816006DB78F /* Release */,
			);
			defaultConfigurationIsVisible = 0;
		};
/* End XCConfigurationList section */
	};
	rootObject = 98277AEC1D0EF816006DB78F /* Project object */;
}
